
Microsoft Visual Studio Solution File, Format Version 12.00
# Visual Studio Version 16
VisualStudioVersion = 16.0.30225.117
MinimumVisualStudioVersion = 10.0.40219.1
Project("{FAE04EC0-301F-11D3-BF4B-00C04F79EFBC}") = "StokTakip", "StokTakip\StokTakip.csproj", "{9C6D9692-AE92-4CBA-9FD7-FC83B4D6261C}"
EndProject
Global
	GlobalSection(SolutionConfigurationPlatforms) = preSolution
		Debug|Any CPU = Debug|Any CPU
		Release|Any CPU = Release|Any CPU
	EndGlobalSection
	GlobalSection(ProjectConfigurationPlatforms) = postSolution
		{9C6D9692-AE92-4CBA-9FD7-FC83B4D6261C}.Debug|Any CPU.ActiveCfg = Debug|Any CPU
		{9C6D9692-AE92-4CBA-9FD7-FC83B4D6261C}.Debug|Any CPU.Build.0 = Debug|Any CPU
		{9C6D9692-AE92-4CBA-9FD7-FC83B4D6261C}.Release|Any CPU.ActiveCfg = Release|Any CPU
		{9C6D9692-AE92-4CBA-9FD7-FC83B4D6261C}.Release|Any CPU.Build.0 = Release|Any CPU
	EndGlobalSection
	GlobalSection(SolutionProperties) = preSolution
		HideSolutionNode = FALSE
	EndGlobalSection
	GlobalSection(ExtensibilityGlobals) = postSolution
		SolutionGuid = {3012A4CB-71E4-40A5-8C1A-5139C7DFE938}
	EndGlobalSection
EndGlobal
